
Microsoft Visual Studio Solution File, Format Version 12.00
# Visual Studio Version 16
VisualStudioVersion = 16.0.29123.88
MinimumVisualStudioVersion = 10.0.40219.1
Project("{FAE04EC0-301F-11D3-BF4B-00C04F79EFBC}") = "AsyncBestPractices", "AsyncBestPractices\AsyncBestPractices.csproj", "{944D6AE8-CFCD-423E-826D-962A36AB86D2}"
EndProject
Global
	GlobalSection(SolutionConfigurationPlatforms) = preSolution
		Debug|Any CPU = Debug|Any CPU
		Release|Any CPU = Release|Any CPU
	EndGlobalSection
	GlobalSection(ProjectConfigurationPlatforms) = postSolution
		{944D6AE8-CFCD-423E-826D-962A36AB86D2}.Debug|Any CPU.ActiveCfg = Debug|Any CPU
		{944D6AE8-CFCD-423E-826D-962A36AB86D2}.Debug|Any CPU.Build.0 = Debug|Any CPU
		{944D6AE8-CFCD-423E-826D-962A36AB86D2}.Release|Any CPU.ActiveCfg = Release|Any CPU
		{944D6AE8-CFCD-423E-826D-962A36AB86D2}.Release|Any CPU.Build.0 = Release|Any CPU
	EndGlobalSection
	GlobalSection(SolutionProperties) = preSolution
		HideSolutionNode = FALSE
	EndGlobalSection
	GlobalSection(ExtensibilityGlobals) = postSolution
		SolutionGuid = {E8F7AE70-3536-40A4-BAF4-F80208632294}
	EndGlobalSection
EndGlobal
